// !$*UTF8*$!
{
	archiveVersion = 1;
	classes = {
	};
	objectVersion = 48;
	objects = {

/* Begin PBXBuildFile section */
		089A2DFD1FBF6CB400C26749 /* AppDelegate.swift in Sources */ = {isa = PBXBuildFile; fileRef = 089A2DFC1FBF6CB400C26749 /* AppDelegate.swift */; };
		089A2DFF1FBF6CB400C26749 /* ViewController.swift in Sources */ = {isa = PBXBuildFile; fileRef = 089A2DFE1FBF6CB400C26749 /* ViewController.swift */; };
		089A2E021FBF6CB400C26749 /* Main.storyboard in Resources */ = {isa = PBXBuildFile; fileRef = 089A2E001FBF6CB400C26749 /* Main.storyboard */; };
		089A2E041FBF6CB400C26749 /* Assets.xcassets in Resources */ = {isa = PBXBuildFile; fileRef = 089A2E031FBF6CB400C26749 /* Assets.xcassets */; };
		089A2E071FBF6CB400C26749 /* LaunchScreen.storyboard in Resources */ = {isa = PBXBuildFile; fileRef = 089A2E051FBF6CB400C26749 /* LaunchScreen.storyboard */; };
		089A2E0F1FBF6D8D00C26749 /* Lanceur.swift in Sources */ = {isa = PBXBuildFile; fileRef = 089A2E0E1FBF6D8D00C26749 /* Lanceur.swift */; };
		089A2E111FBF6ECC00C26749 /* Confetti.swift in Sources */ = {isa = PBXBuildFile; fileRef = 089A2E101FBF6ECC00C26749 /* Confetti.swift */; };
/* End PBXBuildFile section */

/* Begin PBXFileReference section */
		089A2DF91FBF6CB400C26749 /* App1.app */ = {isa = PBXFileReference; explicitFileType = wrapper.application; includeInIndex = 0; path = App1.app; sourceTree = BUILT_PRODUCTS_DIR; };
		089A2DFC1FBF6CB400C26749 /* AppDelegate.swift */ = {isa = PBXFileReference; lastKnownFileType = sourcecode.swift; path = AppDelegate.swift; sourceTree = "<group>"; };
		089A2DFE1FBF6CB400C26749 /* ViewController.swift */ = {isa = PBXFileReference; lastKnownFileType = sourcecode.swift; path = ViewController.swift; sourceTree = "<group>"; };
		089A2E011FBF6CB400C26749 /* Base */ = {isa = PBXFileReference; lastKnownFileType = file.storyboard; name = Base; path = Base.lproj/Main.storyboard; sourceTree = "<group>"; };
		089A2E031FBF6CB400C26749 /* Assets.xcassets */ = {isa = PBXFileReference; lastKnownFileType = folder.assetcatalog; path = Assets.xcassets; sourceTree = "<group>"; };
		089A2E061FBF6CB400C26749 /* Base */ = {isa = PBXFileReference; lastKnownFileType = file.storyboard; name = Base; path = Base.lproj/LaunchScreen.storyboard; sourceTree = "<group>"; };
		089A2E081FBF6CB400C26749 /* Info.plist */ = {isa = PBXFileReference; lastKnownFileType = text.plist.xml; path = Info.plist; sourceTree = "<group>"; };
		089A2E0E1FBF6D8D00C26749 /* Lanceur.swift */ = {isa = PBXFileReference; lastKnownFileType = sourcecode.swift; path = Lanceur.swift; sourceTree = "<group>"; };
		089A2E101FBF6ECC00C26749 /* Confetti.swift */ = {isa = PBXFileReference; lastKnownFileType = sourcecode.swift; path = Confetti.swift; sourceTree = "<group>"; };
/* End PBXFileReference section */

/* Begin PBXFrameworksBuildPhase section */
		089A2DF61FBF6CB400C26749 /* Frameworks */ = {
			isa = PBXFrameworksBuildPhase;
			buildActionMask = 2147483647;
			files = (
			);
			runOnlyForDeploymentPostprocessing = 0;
		};
/* End PBXFrameworksBuildPhase section */

/* Begin PBXGroup section */
		089A2DF01FBF6CB400C26749 = {
			isa = PBXGroup;
			children = (
				089A2DFB1FBF6CB400C26749 /* App1 */,
				089A2DFA1FBF6CB400C26749 /* Products */,
			);
			sourceTree = "<group>";
		};
		089A2DFA1FBF6CB400C26749 /* Products */ = {
			isa = PBXGroup;
			children = (
				089A2DF91FBF6CB400C26749 /* App1.app */,
			);
			name = Products;
			sourceTree = "<group>";
		};
		089A2DFB1FBF6CB400C26749 /* App1 */ = {
			isa = PBXGroup;
			children = (
				089A2DFC1FBF6CB400C26749 /* AppDelegate.swift */,
				089A2DFE1FBF6CB400C26749 /* ViewController.swift */,
				089A2E001FBF6CB400C26749 /* Main.storyboard */,
				089A2E0E1FBF6D8D00C26749 /* Lanceur.swift */,
				089A2E101FBF6ECC00C26749 /* Confetti.swift */,
				089A2E031FBF6CB400C26749 /* Assets.xcassets */,
				089A2E051FBF6CB400C26749 /* LaunchScreen.storyboard */,
				089A2E081FBF6CB400C26749 /* Info.plist */,
			);
			path = App1;
			sourceTree = "<group>";
		};
/* End PBXGroup section */

/* Begin PBXNativeTarget section */
		089A2DF81FBF6CB400C26749 /* App1 */ = {
			isa = PBXNativeTarget;
			buildConfigurationList = 089A2E0B1FBF6CB400C26749 /* Build configuration list for PBXNativeTarget "App1" */;
			buildPhases = (
				089A2DF51FBF6CB400C26749 /* Sources */,
				089A2DF61FBF6CB400C26749 /* Frameworks */,
				089A2DF71FBF6CB400C26749 /* Resources */,
			);
			buildRules = (
			);
			dependencies = (
			);
			name = App1;
			productName = App1;
			productReference = 089A2DF91FBF6CB400C26749 /* App1.app */;
			productType = "com.apple.product-type.application";
		};
/* End PBXNativeTarget section */

/* Begin PBXProject section */
		089A2DF11FBF6CB400C26749 /* Project object */ = {
			isa = PBXProject;
			attributes = {
				LastSwiftUpdateCheck = 0910;
				LastUpgradeCheck = 0910;
				ORGANIZATIONNAME = "Matthieu PASSEREL";
				TargetAttributes = {
					089A2DF81FBF6CB400C26749 = {
						CreatedOnToolsVersion = 9.1;
						ProvisioningStyle = Automatic;
					};
				};
			};
			buildConfigurationList = 089A2DF41FBF6CB400C26749 /* Build configuration list for PBXProject "App1" */;
			compatibilityVersion = "Xcode 8.0";
			developmentRegion = en;
			hasScannedForEncodings = 0;
			knownRegions = (
				en,
				Base,
			);
			mainGroup = 089A2DF01FBF6CB400C26749;
			productRefGroup = 089A2DFA1FBF6CB400C26749 /* Products */;
			projectDirPath = "";
			projectRoot = "";
			targets = (
				089A2DF81FBF6CB400C26749 /* App1 */,
			);
		};
/* End PBXProject section */

/* Begin PBXResourcesBuildPhase section */
		089A2DF71FBF6CB400C26749 /* Resources */ = {
			isa = PBXResourcesBuildPhase;
			buildActionMask = 2147483647;
			files = (
				089A2E071FBF6CB400C26749 /* LaunchScreen.storyboard in Resources */,
				089A2E041FBF6CB400C26749 /* Assets.xcassets in Resources */,
				089A2E021FBF6CB400C26749 /* Main.storyboard in Resources */,
			);
			runOnlyForDeploymentPostprocessing = 0;
		};
/* End PBXResourcesBuildPhase section */

/* Begin PBXSourcesBuildPhase section */
		089A2DF51FBF6CB400C26749 /* Sources */ = {
			isa = PBXSourcesBuildPhase;
			buildActionMask = 2147483647;
			files = (
				089A2DFF1FBF6CB400C26749 /* ViewController.swift in Sources */,
				089A2E111FBF6ECC00C26749 /* Confetti.swift in Sources */,
				089A2DFD1FBF6CB400C26749 /* AppDelegate.swift in Sources */,
				089A2E0F1FBF6D8D00C26749 /* Lanceur.swift in Sources */,
			);
			runOnlyForDeploymentPostprocessing = 0;
		};
/* End PBXSourcesBuildPhase section */

/* Begin PBXVariantGroup section */
		089A2E001FBF6CB400C26749 /* Main.storyboard */ = {
			isa = PBXVariantGroup;
			children = (
				089A2E011FBF6CB400C26749 /* Base */,
			);
			name = Main.storyboard;
			sourceTree = "<group>";
		};
		089A2E051FBF6CB400C26749 /* LaunchScreen.storyboard */ = {
			isa = PBXVariantGroup;
			children = (
				089A2E061FBF6CB400C26749 /* Base */,
			);
			name = LaunchScreen.storyboard;
			sourceTree = "<group>";
		};
/* End PBXVariantGroup section */

/* Begin XCBuildConfiguration section */
		089A2E091FBF6CB400C26749 /* Debug */ = {
			isa = XCBuildConfiguration;
			buildSettings = {
				ALWAYS_SEARCH_USER_PATHS = NO;
				CLANG_ANALYZER_NONNULL = YES;
				CLANG_ANALYZER_NUMBER_OBJECT_CONVERSION = YES_AGGRESSIVE;
				CLANG_CXX_LANGUAGE_STANDARD = "gnu++14";
				CLANG_CXX_LIBRARY = "libc++";
				CLANG_ENABLE_MODULES = YES;
				CLANG_ENABLE_OBJC_ARC = YES;
				CLANG_WARN_BLOCK_CAPTURE_AUTORELEASING = YES;
				CLANG_WARN_BOOL_CONVERSION = YES;
				CLANG_WARN_COMMA = YES;
				CLANG_WARN_CONSTANT_CONVERSION = YES;
				CLANG_WARN_DIRECT_OBJC_ISA_USAGE = YES_ERROR;
				CLANG_WARN_DOCUMENTATION_COMMENTS = YES;
				CLANG_WARN_EMPTY_BODY = YES;
				CLANG_WARN_ENUM_CONVERSION = YES;
				CLANG_WARN_INFINITE_RECURSION = YES;
				CLANG_WARN_INT_CONVERSION = YES;
				CLANG_WARN_NON_LITERAL_NULL_CONVERSION = YES;
				CLANG_WARN_OBJC_LITERAL_CONVERSION = YES;
				CLANG_WARN_OBJC_ROOT_CLASS = YES_ERROR;
				CLANG_WARN_RANGE_LOOP_ANALYSIS = YES;
				CLANG_WARN_STRICT_PROTOTYPES = YES;
				CLANG_WARN_SUSPICIOUS_MOVE = YES;
				CLANG_WARN_UNGUARDED_AVAILABILITY = YES_AGGRESSIVE;
				CLANG_WARN_UNREACHABLE_CODE = YES;
				CLANG_WARN__DUPLICATE_METHOD_MATCH = YES;
				CODE_SIGN_IDENTITY = "iPhone Developer";
				COPY_PHASE_STRIP = NO;
				DEBUG_INFORMATION_FORMAT = dwarf;
				ENABLE_STRICT_OBJC_MSGSEND = YES;
				ENABLE_TESTABILITY = YES;
				GCC_C_LANGUAGE_STANDARD = gnu11;
				GCC_DYNAMIC_NO_PIC = NO;
				GCC_NO_COMMON_BLOCKS = YES;
				GCC_OPTIMIZATION_LEVEL = 0;
				GCC_PREPROCESSOR_DEFINITIONS = (
					"DEBUG=1",
					"$(inherited)",
				);
				GCC_WARN_64_TO_32_BIT_CONVERSION = YES;
				GCC_WARN_ABOUT_RETURN_TYPE = YES_ERROR;
				GCC_WARN_UNDECLARED_SELECTOR = YES;
				GCC_WARN_UNINITIALIZED_AUTOS = YES_AGGRESSIVE;
				GCC_WARN_UNUSED_FUNCTION = YES;
				GCC_WARN_UNUSED_VARIABLE = YES;
				IPHONEOS_DEPLOYMENT_TARGET = 11.1;
				MTL_ENABLE_DEBUG_INFO = YES;
				ONLY_ACTIVE_ARCH = YES;
				SDKROOT = iphoneos;
				SWIFT_ACTIVE_COMPILATION_CONDITIONS = DEBUG;
				SWIFT_OPTIMIZATION_LEVEL = "-Onone";
			};
			name = Debug;
		};
		089A2E0A1FBF6CB400C26749 /* Release */ = {
			isa = XCBuildConfiguration;
			buildSettings = {
				ALWAYS_SEARCH_USER_PATHS = NO;
				CLANG_ANALYZER_NONNULL = YES;
				CLANG_ANALYZER_NUMBER_OBJECT_CONVERSION = YES_AGGRESSIVE;
				CLANG_CXX_LANGUAGE_STANDARD = "gnu++14";
				CLANG_CXX_LIBRARY = "libc++";
				CLANG_ENABLE_MODULES = YES;
				CLANG_ENABLE_OBJC_ARC = YES;
				CLANG_WARN_BLOCK_CAPTURE_AUTORELEASING = YES;
				CLANG_WARN_BOOL_CONVERSION = YES;
				CLANG_WARN_COMMA = YES;
				CLANG_WARN_CONSTANT_CONVERSION = YES;
				CLANG_WARN_DIRECT_OBJC_ISA_USAGE = YES_ERROR;
				CLANG_WARN_DOCUMENTATION_COMMENTS = YES;
				CLANG_WARN_EMPTY_BODY = YES;
				CLANG_WARN_ENUM_CONVERSION = YES;
				CLANG_WARN_INFINITE_RECURSION = YES;
				CLANG_WARN_INT_CONVERSION = YES;
				CLANG_WARN_NON_LITERAL_NULL_CONVERSION = YES;
				CLANG_WARN_OBJC_LITERAL_CONVERSION = YES;
				CLANG_WARN_OBJC_ROOT_CLASS = YES_ERROR;
				CLANG_WARN_RANGE_LOOP_ANALYSIS = YES;
				CLANG_WARN_STRICT_PROTOTYPES = YES;
				CLANG_WARN_SUSPICIOUS_MOVE = YES;
				CLANG_WARN_UNGUARDED_AVAILABILITY = YES_AGGRESSIVE;
				CLANG_WARN_UNREACHABLE_CODE = YES;
				CLANG_WARN__DUPLICATE_METHOD_MATCH = YES;
				CODE_SIGN_IDENTITY = "iPhone Developer";
				COPY_PHASE_STRIP = NO;
				DEBUG_INFORMATION_FORMAT = "dwarf-with-dsym";
				ENABLE_NS_ASSERTIONS = NO;
				ENABLE_STRICT_OBJC_MSGSEND = YES;
				GCC_C_LANGUAGE_STANDARD = gnu11;
				GCC_NO_COMMON_BLOCKS = YES;
				GCC_WARN_64_TO_32_BIT_CONVERSION = YES;
				GCC_WARN_ABOUT_RETURN_TYPE = YES_ERROR;
				GCC_WARN_UNDECLARED_SELECTOR = YES;
				GCC_WARN_UNINITIALIZED_AUTOS = YES_AGGRESSIVE;
				GCC_WARN_UNUSED_FUNCTION = YES;
				GCC_WARN_UNUSED_VARIABLE = YES;
				IPHONEOS_DEPLOYMENT_TARGET = 11.1;
				MTL_ENABLE_DEBUG_INFO = NO;
				SDKROOT = iphoneos;
				SWIFT_OPTIMIZATION_LEVEL = "-Owholemodule";
				VALIDATE_PRODUCT = YES;
			};
			name = Release;
		};
		089A2E0C1FBF6CB400C26749 /* Debug */ = {
			isa = XCBuildConfiguration;
			buildSettings = {
				ASSETCATALOG_COMPILER_APPICON_NAME = AppIcon;
				CODE_SIGN_STYLE = Automatic;
				DEVELOPMENT_TEAM = Q3T485N255;
				INFOPLIST_FILE = App1/Info.plist;
				LD_RUNPATH_SEARCH_PATHS = "$(inherited) @executable_path/Frameworks";
				PRODUCT_BUNDLE_IDENTIFIER = com.codabee.App1;
				PRODUCT_NAME = "$(TARGET_NAME)";
				SWIFT_VERSION = 4.0;
				TARGETED_DEVICE_FAMILY = "1,2";
			};
			name = Debug;
		};
		089A2E0D1FBF6CB400C26749 /* Release */ = {
			isa = XCBuildConfiguration;
			buildSettings = {
				ASSETCATALOG_COMPILER_APPICON_NAME = AppIcon;
				CODE_SIGN_STYLE = Automatic;
				DEVELOPMENT_TEAM = Q3T485N255;
				INFOPLIST_FILE = App1/Info.plist;
				LD_RUNPATH_SEARCH_PATHS = "$(inherited) @executable_path/Frameworks";
				PRODUCT_BUNDLE_IDENTIFIER = com.codabee.App1;
				PRODUCT_NAME = "$(TARGET_NAME)";
				SWIFT_VERSION = 4.0;
				TARGETED_DEVICE_FAMILY = "1,2";
			};
			name = Release;
		};
/* End XCBuildConfiguration section */

/* Begin XCConfigurationList section */
		089A2DF41FBF6CB400C26749 /* Build configuration list for PBXProject "App1" */ = {
			isa = XCConfigurationList;
			buildConfigurations = (
				089A2E091FBF6CB400C26749 /* Debug */,
				089A2E0A1FBF6CB400C26749 /* Release */,
			);
			defaultConfigurationIsVisible = 0;
			defaultConfigurationName = Release;
		};
		089A2E0B1FBF6CB400C26749 /* Build configuration list for PBXNativeTarget "App1" */ = {
			isa = XCConfigurationList;
			buildConfigurations = (
				089A2E0C1FBF6CB400C26749 /* Debug */,
				089A2E0D1FBF6CB400C26749 /* Release */,
			);
			defaultConfigurationIsVisible = 0;
			defaultConfigurationName = Release;
		};
/* End XCConfigurationList section */
	};
	rootObject = 089A2DF11FBF6CB400C26749 /* Project object */;
}
